
Microsoft Visual Studio Solution File, Format Version 12.00
# Visual Studio Version 17
VisualStudioVersion = 17.14.36518.9 d17.14
MinimumVisualStudioVersion = 10.0.40219.1
Project("{FAE04EC0-301F-11D3-BF4B-00C04F79EFBC}") = "AttendanceManagementSystem", "AttendanceManagementSystem.csproj", "{49850A23-F296-40D0-9FF7-8F1AE107185A}"
EndProject
Global
	GlobalSection(SolutionConfigurationPlatforms) = preSolution
		Debug|Any CPU = Debug|Any CPU
		Release|Any CPU = Release|Any CPU
	EndGlobalSection
	GlobalSection(ProjectConfigurationPlatforms) = postSolution
		{49850A23-F296-40D0-9FF7-8F1AE107185A}.Debug|Any CPU.ActiveCfg = Debug|Any CPU
		{49850A23-F296-40D0-9FF7-8F1AE107185A}.Debug|Any CPU.Build.0 = Debug|Any CPU
		{49850A23-F296-40D0-9FF7-8F1AE107185A}.Release|Any CPU.ActiveCfg = Release|Any CPU
		{49850A23-F296-40D0-9FF7-8F1AE107185A}.Release|Any CPU.Build.0 = Release|Any CPU
	EndGlobalSection
	GlobalSection(SolutionProperties) = preSolution
		HideSolutionNode = FALSE
	EndGlobalSection
	GlobalSection(ExtensibilityGlobals) = postSolution
		SolutionGuid = {25BA0E89-CA80-460A-B4ED-DE599D4B7007}
	EndGlobalSection
EndGlobal
